
Microsoft Visual Studio Solution File, Format Version 12.00
# Visual Studio 14
VisualStudioVersion = 14.0.25123.0
MinimumVisualStudioVersion = 10.0.40219.1
Project("{FAE04EC0-301F-11D3-BF4B-00C04F79EFBC}") = "AutoUpdate", "BTAutoUpdate\AutoUpdate.csproj", "{1318F141-B5A4-4229-B0B4-D0F642C9C04E}"
EndProject
Project("{FAE04EC0-301F-11D3-BF4B-00C04F79EFBC}") = "AutoUpdateTest", "BTAutoUpdateTest\AutoUpdateTest.csproj", "{CCE04893-F19D-4642-B65F-52F5F9359782}"
EndProject
Project("{FAE04EC0-301F-11D3-BF4B-00C04F79EFBC}") = "AutoUpdateWindow", "AutoUpdateWindow\AutoUpdateWindow.csproj", "{350B1EC1-42CA-4BE2-8940-9B3B91F631DC}"
EndProject
Global
	GlobalSection(SolutionConfigurationPlatforms) = preSolution
		Debug|Any CPU = Debug|Any CPU
		Release|Any CPU = Release|Any CPU
	EndGlobalSection
	GlobalSection(ProjectConfigurationPlatforms) = postSolution
		{1318F141-B5A4-4229-B0B4-D0F642C9C04E}.Debug|Any CPU.ActiveCfg = Debug|Any CPU
		{1318F141-B5A4-4229-B0B4-D0F642C9C04E}.Debug|Any CPU.Build.0 = Debug|Any CPU
		{1318F141-B5A4-4229-B0B4-D0F642C9C04E}.Release|Any CPU.ActiveCfg = Release|Any CPU
		{1318F141-B5A4-4229-B0B4-D0F642C9C04E}.Release|Any CPU.Build.0 = Release|Any CPU
		{CCE04893-F19D-4642-B65F-52F5F9359782}.Debug|Any CPU.ActiveCfg = Debug|Any CPU
		{CCE04893-F19D-4642-B65F-52F5F9359782}.Debug|Any CPU.Build.0 = Debug|Any CPU
		{CCE04893-F19D-4642-B65F-52F5F9359782}.Release|Any CPU.ActiveCfg = Release|Any CPU
		{CCE04893-F19D-4642-B65F-52F5F9359782}.Release|Any CPU.Build.0 = Release|Any CPU
		{350B1EC1-42CA-4BE2-8940-9B3B91F631DC}.Debug|Any CPU.ActiveCfg = Debug|Any CPU
		{350B1EC1-42CA-4BE2-8940-9B3B91F631DC}.Debug|Any CPU.Build.0 = Debug|Any CPU
		{350B1EC1-42CA-4BE2-8940-9B3B91F631DC}.Release|Any CPU.ActiveCfg = Release|Any CPU
		{350B1EC1-42CA-4BE2-8940-9B3B91F631DC}.Release|Any CPU.Build.0 = Release|Any CPU
	EndGlobalSection
	GlobalSection(SolutionProperties) = preSolution
		HideSolutionNode = FALSE
	EndGlobalSection
EndGlobal
